// !$*UTF8*$!
{
	archiveVersion = 1;
	classes = {
	};
	objectVersion = 56;
	objects = {

/* Begin PBXFileReference section */
		90F649F82D120E6C00531E56 /* Cat Painting.txt */ = {isa = PBXFileReference; lastKnownFileType = text; path = "Cat Painting.txt"; sourceTree = "<group>"; };
		90F649F92D120E7600531E56 /* index.html */ = {isa = PBXFileReference; lastKnownFileType = text.html; path = index.html; sourceTree = "<group>"; };
		90F649FA2D120E7E00531E56 /* styles.css */ = {isa = PBXFileReference; lastKnownFileType = text.css; path = styles.css; sourceTree = "<group>"; };
/* End PBXFileReference section */

/* Begin PBXGroup section */
		90F649F12D120E6100531E56 = {
			isa = PBXGroup;
			children = (
				90F649FA2D120E7E00531E56 /* styles.css */,
				90F649F92D120E7600531E56 /* index.html */,
				90F649F82D120E6C00531E56 /* Cat Painting.txt */,
			);
			sourceTree = "<group>";
		};
/* End PBXGroup section */

/* Begin PBXProject section */
		90F649F22D120E6100531E56 /* Project object */ = {
			isa = PBXProject;
			attributes = {
				BuildIndependentTargetsInParallel = 1;
				LastUpgradeCheck = 1520;
			};
			buildConfigurationList = 90F649F52D120E6100531E56 /* Build configuration list for PBXProject "Cat Painting" */;
			compatibilityVersion = "Xcode 14.0";
			developmentRegion = en;
			hasScannedForEncodings = 0;
			knownRegions = (
				en,
				Base,
			);
			mainGroup = 90F649F12D120E6100531E56;
			projectDirPath = "";
			projectRoot = "";
			targets = (
			);
		};
/* End PBXProject section */

/* Begin XCBuildConfiguration section */
		90F649F62D120E6100531E56 /* Debug */ = {
			isa = XCBuildConfiguration;
			buildSettings = {
			};
			name = Debug;
		};
		90F649F72D120E6100531E56 /* Release */ = {
			isa = XCBuildConfiguration;
			buildSettings = {
			};
			name = Release;
		};
/* End XCBuildConfiguration section */

/* Begin XCConfigurationList section */
		90F649F52D120E6100531E56 /* Build configuration list for PBXProject "Cat Painting" */ = {
			isa = XCConfigurationList;
			buildConfigurations = (
				90F649F62D120E6100531E56 /* Debug */,
				90F649F72D120E6100531E56 /* Release */,
			);
			defaultConfigurationIsVisible = 0;
			defaultConfigurationName = Release;
		};
/* End XCConfigurationList section */
	};
	rootObject = 90F649F22D120E6100531E56 /* Project object */;
}
